
Microsoft Visual Studio Solution File, Format Version 12.00
# Visual Studio Version 17
VisualStudioVersion = 17.8.34330.188
MinimumVisualStudioVersion = 10.0.40219.1
Project("{FAE04EC0-301F-11D3-BF4B-00C04F79EFBC}") = "FluentValidations.NET8", "FluentValidations.NET8\FluentValidations.NET8.csproj", "{1E722EAB-04D8-4C65-8FE3-339D1AC4031C}"
EndProject
Global
	GlobalSection(SolutionConfigurationPlatforms) = preSolution
		Debug|Any CPU = Debug|Any CPU
		Release|Any CPU = Release|Any CPU
	EndGlobalSection
	GlobalSection(ProjectConfigurationPlatforms) = postSolution
		{1E722EAB-04D8-4C65-8FE3-339D1AC4031C}.Debug|Any CPU.ActiveCfg = Debug|Any CPU
		{1E722EAB-04D8-4C65-8FE3-339D1AC4031C}.Debug|Any CPU.Build.0 = Debug|Any CPU
		{1E722EAB-04D8-4C65-8FE3-339D1AC4031C}.Release|Any CPU.ActiveCfg = Release|Any CPU
		{1E722EAB-04D8-4C65-8FE3-339D1AC4031C}.Release|Any CPU.Build.0 = Release|Any CPU
	EndGlobalSection
	GlobalSection(SolutionProperties) = preSolution
		HideSolutionNode = FALSE
	EndGlobalSection
	GlobalSection(ExtensibilityGlobals) = postSolution
		SolutionGuid = {E730F373-9AD3-4AB7-A665-09CA2DEACBA0}
	EndGlobalSection
EndGlobal
